
Microsoft Visual Studio Solution File, Format Version 12.00
# Visual Studio Version 17
VisualStudioVersion = 17.6.33829.357
MinimumVisualStudioVersion = 10.0.40219.1
Project("{FAE04EC0-301F-11D3-BF4B-00C04F79EFBC}") = "Challenge App", "Challenge App\Challenge App.csproj", "{6DD7EAE0-E782-4F9C-A91F-24B040B78D9C}"
EndProject
Global
	GlobalSection(SolutionConfigurationPlatforms) = preSolution
		Debug|Any CPU = Debug|Any CPU
		Release|Any CPU = Release|Any CPU
	EndGlobalSection
	GlobalSection(ProjectConfigurationPlatforms) = postSolution
		{6DD7EAE0-E782-4F9C-A91F-24B040B78D9C}.Debug|Any CPU.ActiveCfg = Debug|Any CPU
		{6DD7EAE0-E782-4F9C-A91F-24B040B78D9C}.Debug|Any CPU.Build.0 = Debug|Any CPU
		{6DD7EAE0-E782-4F9C-A91F-24B040B78D9C}.Release|Any CPU.ActiveCfg = Release|Any CPU
		{6DD7EAE0-E782-4F9C-A91F-24B040B78D9C}.Release|Any CPU.Build.0 = Release|Any CPU
	EndGlobalSection
	GlobalSection(SolutionProperties) = preSolution
		HideSolutionNode = FALSE
	EndGlobalSection
	GlobalSection(ExtensibilityGlobals) = postSolution
		SolutionGuid = {F8344C7E-3330-47DB-8AD0-7A8F2C5B9387}
	EndGlobalSection
EndGlobal
